// !$*UTF8*$!
{
	archiveVersion = 1;
	classes = {
	};
	objectVersion = 48;
	objects = {

/* Begin PBXBuildFile section */
		8D1E3F991FB3159500CBDE63 /* AppDelegate.m in Sources */ = {isa = PBXBuildFile; fileRef = 8D1E3F981FB3159500CBDE63 /* AppDelegate.m */; };
		8D1E3F9C1FB3159500CBDE63 /* ViewController.m in Sources */ = {isa = PBXBuildFile; fileRef = 8D1E3F9B1FB3159500CBDE63 /* ViewController.m */; };
		8D1E3F9F1FB3159500CBDE63 /* Main.storyboard in Resources */ = {isa = PBXBuildFile; fileRef = 8D1E3F9D1FB3159500CBDE63 /* Main.storyboard */; };
		8D1E3FA11FB3159500CBDE63 /* Assets.xcassets in Resources */ = {isa = PBXBuildFile; fileRef = 8D1E3FA01FB3159500CBDE63 /* Assets.xcassets */; };
		8D1E3FA41FB3159500CBDE63 /* LaunchScreen.storyboard in Resources */ = {isa = PBXBuildFile; fileRef = 8D1E3FA21FB3159500CBDE63 /* LaunchScreen.storyboard */; };
		8D1E3FA71FB3159500CBDE63 /* main.m in Sources */ = {isa = PBXBuildFile; fileRef = 8D1E3FA61FB3159500CBDE63 /* main.m */; };
/* End PBXBuildFile section */

/* Begin PBXFileReference section */
		8D1E3F941FB3159500CBDE63 /* YLB-base.app */ = {isa = PBXFileReference; explicitFileType = wrapper.application; includeInIndex = 0; path = "YLB-base.app"; sourceTree = BUILT_PRODUCTS_DIR; };
		8D1E3F971FB3159500CBDE63 /* AppDelegate.h */ = {isa = PBXFileReference; lastKnownFileType = sourcecode.c.h; path = AppDelegate.h; sourceTree = "<group>"; };
		8D1E3F981FB3159500CBDE63 /* AppDelegate.m */ = {isa = PBXFileReference; lastKnownFileType = sourcecode.c.objc; path = AppDelegate.m; sourceTree = "<group>"; };
		8D1E3F9A1FB3159500CBDE63 /* ViewController.h */ = {isa = PBXFileReference; lastKnownFileType = sourcecode.c.h; path = ViewController.h; sourceTree = "<group>"; };
		8D1E3F9B1FB3159500CBDE63 /* ViewController.m */ = {isa = PBXFileReference; lastKnownFileType = sourcecode.c.objc; path = ViewController.m; sourceTree = "<group>"; };
		8D1E3F9E1FB3159500CBDE63 /* Base */ = {isa = PBXFileReference; lastKnownFileType = file.storyboard; name = Base; path = Base.lproj/Main.storyboard; sourceTree = "<group>"; };
		8D1E3FA01FB3159500CBDE63 /* Assets.xcassets */ = {isa = PBXFileReference; lastKnownFileType = folder.assetcatalog; path = Assets.xcassets; sourceTree = "<group>"; };
		8D1E3FA31FB3159500CBDE63 /* Base */ = {isa = PBXFileReference; lastKnownFileType = file.storyboard; name = Base; path = Base.lproj/LaunchScreen.storyboard; sourceTree = "<group>"; };
		8D1E3FA51FB3159500CBDE63 /* Info.plist */ = {isa = PBXFileReference; lastKnownFileType = text.plist.xml; path = Info.plist; sourceTree = "<group>"; };
		8D1E3FA61FB3159500CBDE63 /* main.m */ = {isa = PBXFileReference; lastKnownFileType = sourcecode.c.objc; path = main.m; sourceTree = "<group>"; };
		8D1E3FAE1FB315C600CBDE63 /* YLBBaseController.h */ = {isa = PBXFileReference; lastKnownFileType = sourcecode.c.h; path = YLBBaseController.h; sourceTree = "<group>"; };
		8D1E3FAF1FB315C600CBDE63 /* YLBBaseController.m */ = {isa = PBXFileReference; lastKnownFileType = sourcecode.c.objc; path = YLBBaseController.m; sourceTree = "<group>"; };
		8D1E3FB01FB315C600CBDE63 /* YLBBaseModel.h */ = {isa = PBXFileReference; lastKnownFileType = sourcecode.c.h; path = YLBBaseModel.h; sourceTree = "<group>"; };
		8D1E3FB11FB315C600CBDE63 /* YLBBaseModel.m */ = {isa = PBXFileReference; lastKnownFileType = sourcecode.c.objc; path = YLBBaseModel.m; sourceTree = "<group>"; };
		8D1E3FB21FB315C600CBDE63 /* YLBNavigationController.h */ = {isa = PBXFileReference; lastKnownFileType = sourcecode.c.h; path = YLBNavigationController.h; sourceTree = "<group>"; };
		8D1E3FB31FB315C600CBDE63 /* YLBNavigationController.m */ = {isa = PBXFileReference; lastKnownFileType = sourcecode.c.objc; path = YLBNavigationController.m; sourceTree = "<group>"; };
/* End PBXFileReference section */

/* Begin PBXFrameworksBuildPhase section */
		8D1E3F911FB3159500CBDE63 /* Frameworks */ = {
			isa = PBXFrameworksBuildPhase;
			buildActionMask = 2147483647;
			files = (
			);
			runOnlyForDeploymentPostprocessing = 0;
		};
/* End PBXFrameworksBuildPhase section */

/* Begin PBXGroup section */
		8D1E3F8B1FB3159500CBDE63 = {
			isa = PBXGroup;
			children = (
				8D1E3FAD1FB315C600CBDE63 /* Base */,
				8D1E3F961FB3159500CBDE63 /* YLB-base */,
				8D1E3F951FB3159500CBDE63 /* Products */,
			);
			sourceTree = "<group>";
		};
		8D1E3F951FB3159500CBDE63 /* Products */ = {
			isa = PBXGroup;
			children = (
				8D1E3F941FB3159500CBDE63 /* YLB-base.app */,
			);
			name = Products;
			sourceTree = "<group>";
		};
		8D1E3F961FB3159500CBDE63 /* YLB-base */ = {
			isa = PBXGroup;
			children = (
				8D1E3F971FB3159500CBDE63 /* AppDelegate.h */,
				8D1E3F981FB3159500CBDE63 /* AppDelegate.m */,
				8D1E3F9A1FB3159500CBDE63 /* ViewController.h */,
				8D1E3F9B1FB3159500CBDE63 /* ViewController.m */,
				8D1E3F9D1FB3159500CBDE63 /* Main.storyboard */,
				8D1E3FA01FB3159500CBDE63 /* Assets.xcassets */,
				8D1E3FA21FB3159500CBDE63 /* LaunchScreen.storyboard */,
				8D1E3FA51FB3159500CBDE63 /* Info.plist */,
				8D1E3FA61FB3159500CBDE63 /* main.m */,
			);
			path = "YLB-base";
			sourceTree = "<group>";
		};
		8D1E3FAD1FB315C600CBDE63 /* Base */ = {
			isa = PBXGroup;
			children = (
				8D1E3FAE1FB315C600CBDE63 /* YLBBaseController.h */,
				8D1E3FAF1FB315C600CBDE63 /* YLBBaseController.m */,
				8D1E3FB01FB315C600CBDE63 /* YLBBaseModel.h */,
				8D1E3FB11FB315C600CBDE63 /* YLBBaseModel.m */,
				8D1E3FB21FB315C600CBDE63 /* YLBNavigationController.h */,
				8D1E3FB31FB315C600CBDE63 /* YLBNavigationController.m */,
			);
			path = Base;
			sourceTree = "<group>";
		};
/* End PBXGroup section */

/* Begin PBXNativeTarget section */
		8D1E3F931FB3159500CBDE63 /* YLB-base */ = {
			isa = PBXNativeTarget;
			buildConfigurationList = 8D1E3FAA1FB3159500CBDE63 /* Build configuration list for PBXNativeTarget "YLB-base" */;
			buildPhases = (
				8D1E3F901FB3159500CBDE63 /* Sources */,
				8D1E3F911FB3159500CBDE63 /* Frameworks */,
				8D1E3F921FB3159500CBDE63 /* Resources */,
			);
			buildRules = (
			);
			dependencies = (
			);
			name = "YLB-base";
			productName = "YLB-base";
			productReference = 8D1E3F941FB3159500CBDE63 /* YLB-base.app */;
			productType = "com.apple.product-type.application";
		};
/* End PBXNativeTarget section */

/* Begin PBXProject section */
		8D1E3F8C1FB3159500CBDE63 /* Project object */ = {
			isa = PBXProject;
			attributes = {
				LastUpgradeCheck = 0900;
				ORGANIZATIONNAME = "范茂羽";
				TargetAttributes = {
					8D1E3F931FB3159500CBDE63 = {
						CreatedOnToolsVersion = 9.0;
						ProvisioningStyle = Automatic;
					};
				};
			};
			buildConfigurationList = 8D1E3F8F1FB3159500CBDE63 /* Build configuration list for PBXProject "YLB-base" */;
			compatibilityVersion = "Xcode 8.0";
			developmentRegion = en;
			hasScannedForEncodings = 0;
			knownRegions = (
				en,
				Base,
			);
			mainGroup = 8D1E3F8B1FB3159500CBDE63;
			productRefGroup = 8D1E3F951FB3159500CBDE63 /* Products */;
			projectDirPath = "";
			projectRoot = "";
			targets = (
				8D1E3F931FB3159500CBDE63 /* YLB-base */,
			);
		};
/* End PBXProject section */

/* Begin PBXResourcesBuildPhase section */
		8D1E3F921FB3159500CBDE63 /* Resources */ = {
			isa = PBXResourcesBuildPhase;
			buildActionMask = 2147483647;
			files = (
				8D1E3FA41FB3159500CBDE63 /* LaunchScreen.storyboard in Resources */,
				8D1E3FA11FB3159500CBDE63 /* Assets.xcassets in Resources */,
				8D1E3F9F1FB3159500CBDE63 /* Main.storyboard in Resources */,
			);
			runOnlyForDeploymentPostprocessing = 0;
		};
/* End PBXResourcesBuildPhase section */

/* Begin PBXSourcesBuildPhase section */
		8D1E3F901FB3159500CBDE63 /* Sources */ = {
			isa = PBXSourcesBuildPhase;
			buildActionMask = 2147483647;
			files = (
				8D1E3F9C1FB3159500CBDE63 /* ViewController.m in Sources */,
				8D1E3FA71FB3159500CBDE63 /* main.m in Sources */,
				8D1E3F991FB3159500CBDE63 /* AppDelegate.m in Sources */,
			);
			runOnlyForDeploymentPostprocessing = 0;
		};
/* End PBXSourcesBuildPhase section */

/* Begin PBXVariantGroup section */
		8D1E3F9D1FB3159500CBDE63 /* Main.storyboard */ = {
			isa = PBXVariantGroup;
			children = (
				8D1E3F9E1FB3159500CBDE63 /* Base */,
			);
			name = Main.storyboard;
			sourceTree = "<group>";
		};
		8D1E3FA21FB3159500CBDE63 /* LaunchScreen.storyboard */ = {
			isa = PBXVariantGroup;
			children = (
				8D1E3FA31FB3159500CBDE63 /* Base */,
			);
			name = LaunchScreen.storyboard;
			sourceTree = "<group>";
		};
/* End PBXVariantGroup section */

/* Begin XCBuildConfiguration section */
		8D1E3FA81FB3159500CBDE63 /* Debug */ = {
			isa = XCBuildConfiguration;
			buildSettings = {
				ALWAYS_SEARCH_USER_PATHS = NO;
				CLANG_ANALYZER_NONNULL = YES;
				CLANG_ANALYZER_NUMBER_OBJECT_CONVERSION = YES_AGGRESSIVE;
				CLANG_CXX_LANGUAGE_STANDARD = "gnu++14";
				CLANG_CXX_LIBRARY = "libc++";
				CLANG_ENABLE_MODULES = YES;
				CLANG_ENABLE_OBJC_ARC = YES;
				CLANG_WARN_BLOCK_CAPTURE_AUTORELEASING = YES;
				CLANG_WARN_BOOL_CONVERSION = YES;
				CLANG_WARN_COMMA = YES;
				CLANG_WARN_CONSTANT_CONVERSION = YES;
				CLANG_WARN_DIRECT_OBJC_ISA_USAGE = YES_ERROR;
				CLANG_WARN_DOCUMENTATION_COMMENTS = YES;
				CLANG_WARN_EMPTY_BODY = YES;
				CLANG_WARN_ENUM_CONVERSION = YES;
				CLANG_WARN_INFINITE_RECURSION = YES;
				CLANG_WARN_INT_CONVERSION = YES;
				CLANG_WARN_NON_LITERAL_NULL_CONVERSION = YES;
				CLANG_WARN_OBJC_LITERAL_CONVERSION = YES;
				CLANG_WARN_OBJC_ROOT_CLASS = YES_ERROR;
				CLANG_WARN_RANGE_LOOP_ANALYSIS = YES;
				CLANG_WARN_STRICT_PROTOTYPES = YES;
				CLANG_WARN_SUSPICIOUS_MOVE = YES;
				CLANG_WARN_UNGUARDED_AVAILABILITY = YES_AGGRESSIVE;
				CLANG_WARN_UNREACHABLE_CODE = YES;
				CLANG_WARN__DUPLICATE_METHOD_MATCH = YES;
				CODE_SIGN_IDENTITY = "iPhone Developer";
				COPY_PHASE_STRIP = NO;
				DEBUG_INFORMATION_FORMAT = dwarf;
				ENABLE_STRICT_OBJC_MSGSEND = YES;
				ENABLE_TESTABILITY = YES;
				GCC_C_LANGUAGE_STANDARD = gnu11;
				GCC_DYNAMIC_NO_PIC = NO;
				GCC_NO_COMMON_BLOCKS = YES;
				GCC_OPTIMIZATION_LEVEL = 0;
				GCC_PREPROCESSOR_DEFINITIONS = (
					"DEBUG=1",
					"$(inherited)",
				);
				GCC_WARN_64_TO_32_BIT_CONVERSION = YES;
				GCC_WARN_ABOUT_RETURN_TYPE = YES_ERROR;
				GCC_WARN_UNDECLARED_SELECTOR = YES;
				GCC_WARN_UNINITIALIZED_AUTOS = YES_AGGRESSIVE;
				GCC_WARN_UNUSED_FUNCTION = YES;
				GCC_WARN_UNUSED_VARIABLE = YES;
				IPHONEOS_DEPLOYMENT_TARGET = 11.0;
				MTL_ENABLE_DEBUG_INFO = YES;
				ONLY_ACTIVE_ARCH = YES;
				SDKROOT = iphoneos;
			};
			name = Debug;
		};
		8D1E3FA91FB3159500CBDE63 /* Release */ = {
			isa = XCBuildConfiguration;
			buildSettings = {
				ALWAYS_SEARCH_USER_PATHS = NO;
				CLANG_ANALYZER_NONNULL = YES;
				CLANG_ANALYZER_NUMBER_OBJECT_CONVERSION = YES_AGGRESSIVE;
				CLANG_CXX_LANGUAGE_STANDARD = "gnu++14";
				CLANG_CXX_LIBRARY = "libc++";
				CLANG_ENABLE_MODULES = YES;
				CLANG_ENABLE_OBJC_ARC = YES;
				CLANG_WARN_BLOCK_CAPTURE_AUTORELEASING = YES;
				CLANG_WARN_BOOL_CONVERSION = YES;
				CLANG_WARN_COMMA = YES;
				CLANG_WARN_CONSTANT_CONVERSION = YES;
				CLANG_WARN_DIRECT_OBJC_ISA_USAGE = YES_ERROR;
				CLANG_WARN_DOCUMENTATION_COMMENTS = YES;
				CLANG_WARN_EMPTY_BODY = YES;
				CLANG_WARN_ENUM_CONVERSION = YES;
				CLANG_WARN_INFINITE_RECURSION = YES;
				CLANG_WARN_INT_CONVERSION = YES;
				CLANG_WARN_NON_LITERAL_NULL_CONVERSION = YES;
				CLANG_WARN_OBJC_LITERAL_CONVERSION = YES;
				CLANG_WARN_OBJC_ROOT_CLASS = YES_ERROR;
				CLANG_WARN_RANGE_LOOP_ANALYSIS = YES;
				CLANG_WARN_STRICT_PROTOTYPES = YES;
				CLANG_WARN_SUSPICIOUS_MOVE = YES;
				CLANG_WARN_UNGUARDED_AVAILABILITY = YES_AGGRESSIVE;
				CLANG_WARN_UNREACHABLE_CODE = YES;
				CLANG_WARN__DUPLICATE_METHOD_MATCH = YES;
				CODE_SIGN_IDENTITY = "iPhone Developer";
				COPY_PHASE_STRIP = NO;
				DEBUG_INFORMATION_FORMAT = "dwarf-with-dsym";
				ENABLE_NS_ASSERTIONS = NO;
				ENABLE_STRICT_OBJC_MSGSEND = YES;
				GCC_C_LANGUAGE_STANDARD = gnu11;
				GCC_NO_COMMON_BLOCKS = YES;
				GCC_WARN_64_TO_32_BIT_CONVERSION = YES;
				GCC_WARN_ABOUT_RETURN_TYPE = YES_ERROR;
				GCC_WARN_UNDECLARED_SELECTOR = YES;
				GCC_WARN_UNINITIALIZED_AUTOS = YES_AGGRESSIVE;
				GCC_WARN_UNUSED_FUNCTION = YES;
				GCC_WARN_UNUSED_VARIABLE = YES;
				IPHONEOS_DEPLOYMENT_TARGET = 11.0;
				MTL_ENABLE_DEBUG_INFO = NO;
				SDKROOT = iphoneos;
				VALIDATE_PRODUCT = YES;
			};
			name = Release;
		};
		8D1E3FAB1FB3159500CBDE63 /* Debug */ = {
			isa = XCBuildConfiguration;
			buildSettings = {
				ASSETCATALOG_COMPILER_APPICON_NAME = AppIcon;
				CODE_SIGN_STYLE = Automatic;
				INFOPLIST_FILE = "YLB-base/Info.plist";
				LD_RUNPATH_SEARCH_PATHS = "$(inherited) @executable_path/Frameworks";
				PRODUCT_BUNDLE_IDENTIFIER = "com.fanmaoyu.www.YLB-base";
				PRODUCT_NAME = "$(TARGET_NAME)";
				TARGETED_DEVICE_FAMILY = "1,2";
			};
			name = Debug;
		};
		8D1E3FAC1FB3159500CBDE63 /* Release */ = {
			isa = XCBuildConfiguration;
			buildSettings = {
				ASSETCATALOG_COMPILER_APPICON_NAME = AppIcon;
				CODE_SIGN_STYLE = Automatic;
				INFOPLIST_FILE = "YLB-base/Info.plist";
				LD_RUNPATH_SEARCH_PATHS = "$(inherited) @executable_path/Frameworks";
				PRODUCT_BUNDLE_IDENTIFIER = "com.fanmaoyu.www.YLB-base";
				PRODUCT_NAME = "$(TARGET_NAME)";
				TARGETED_DEVICE_FAMILY = "1,2";
			};
			name = Release;
		};
/* End XCBuildConfiguration section */

/* Begin XCConfigurationList section */
		8D1E3F8F1FB3159500CBDE63 /* Build configuration list for PBXProject "YLB-base" */ = {
			isa = XCConfigurationList;
			buildConfigurations = (
				8D1E3FA81FB3159500CBDE63 /* Debug */,
				8D1E3FA91FB3159500CBDE63 /* Release */,
			);
			defaultConfigurationIsVisible = 0;
			defaultConfigurationName = Release;
		};
		8D1E3FAA1FB3159500CBDE63 /* Build configuration list for PBXNativeTarget "YLB-base" */ = {
			isa = XCConfigurationList;
			buildConfigurations = (
				8D1E3FAB1FB3159500CBDE63 /* Debug */,
				8D1E3FAC1FB3159500CBDE63 /* Release */,
			);
			defaultConfigurationIsVisible = 0;
			defaultConfigurationName = Release;
		};
/* End XCConfigurationList section */
	};
	rootObject = 8D1E3F8C1FB3159500CBDE63 /* Project object */;
}
